
Microsoft Visual Studio Solution File, Format Version 12.00
# Visual Studio Version 16
VisualStudioVersion = 16.0.29613.14
MinimumVisualStudioVersion = 10.0.40219.1
Project("{FAE04EC0-301F-11D3-BF4B-00C04F79EFBC}") = "ProgrammingBenchmarks", "ProgrammingBenchmarks\ProgrammingBenchmarks.csproj", "{58A79EE9-5940-493E-BEA5-1848AD5F5252}"
EndProject
Global
	GlobalSection(SolutionConfigurationPlatforms) = preSolution
		Debug|Any CPU = Debug|Any CPU
		Release|Any CPU = Release|Any CPU
	EndGlobalSection
	GlobalSection(ProjectConfigurationPlatforms) = postSolution
		{58A79EE9-5940-493E-BEA5-1848AD5F5252}.Debug|Any CPU.ActiveCfg = Debug|Any CPU
		{58A79EE9-5940-493E-BEA5-1848AD5F5252}.Debug|Any CPU.Build.0 = Debug|Any CPU
		{58A79EE9-5940-493E-BEA5-1848AD5F5252}.Release|Any CPU.ActiveCfg = Release|Any CPU
		{58A79EE9-5940-493E-BEA5-1848AD5F5252}.Release|Any CPU.Build.0 = Release|Any CPU
	EndGlobalSection
	GlobalSection(SolutionProperties) = preSolution
		HideSolutionNode = FALSE
	EndGlobalSection
	GlobalSection(ExtensibilityGlobals) = postSolution
		SolutionGuid = {931F9364-189C-47D3-B46C-7D87B90078C1}
	EndGlobalSection
EndGlobal
